// !$*UTF8*$!
{
	archiveVersion = 1;
	classes = {
	};
	objectVersion = 56;
	objects = {

/* Begin PBXBuildFile section */
		68514ABA2D2B787200E127DD /* AiChatApp.swift in Sources */ = {isa = PBXBuildFile; fileRef = 68514AB92D2B787200E127DD /* AiChatApp.swift */; };
		68514AC02D2B787400E127DD /* Assets.xcassets in Resources */ = {isa = PBXBuildFile; fileRef = 68514ABF2D2B787400E127DD /* Assets.xcassets */; };
		68514AC42D2B787400E127DD /* Preview Assets.xcassets in Resources */ = {isa = PBXBuildFile; fileRef = 68514AC32D2B787400E127DD /* Preview Assets.xcassets */; };
		68514ACE2D2B787400E127DD /* AiChatTests.swift in Sources */ = {isa = PBXBuildFile; fileRef = 68514ACD2D2B787400E127DD /* AiChatTests.swift */; };
		68514AD82D2B787400E127DD /* AiChatUITests.swift in Sources */ = {isa = PBXBuildFile; fileRef = 68514AD72D2B787400E127DD /* AiChatUITests.swift */; };
		68514ADA2D2B787400E127DD /* AiChatUITestsLaunchTests.swift in Sources */ = {isa = PBXBuildFile; fileRef = 68514AD92D2B787400E127DD /* AiChatUITestsLaunchTests.swift */; };
		68514AEE2D2B79CC00E127DD /* SessionListModel.swift in Sources */ = {isa = PBXBuildFile; fileRef = 68514AE72D2B79CC00E127DD /* SessionListModel.swift */; };
		68514AEF2D2B79CC00E127DD /* ColorExtension.swift in Sources */ = {isa = PBXBuildFile; fileRef = 68514AE82D2B79CC00E127DD /* ColorExtension.swift */; };
		68514AF02D2B79CC00E127DD /* Fetch.swift in Sources */ = {isa = PBXBuildFile; fileRef = 68514AE92D2B79CC00E127DD /* Fetch.swift */; };
		68514AF12D2B79CC00E127DD /* DeepseekHelper.swift in Sources */ = {isa = PBXBuildFile; fileRef = 68514AEA2D2B79CC00E127DD /* DeepseekHelper.swift */; };
		68514AF22D2B79CC00E127DD /* Message.swift in Sources */ = {isa = PBXBuildFile; fileRef = 68514AEC2D2B79CC00E127DD /* Message.swift */; };
		68514AF32D2B79CC00E127DD /* User.swift in Sources */ = {isa = PBXBuildFile; fileRef = 68514AED2D2B79CC00E127DD /* User.swift */; };
		68514AF82D2B79DA00E127DD /* ContentMessageView.swift in Sources */ = {isa = PBXBuildFile; fileRef = 68514AF52D2B79DA00E127DD /* ContentMessageView.swift */; };
		68514AF92D2B79DA00E127DD /* ChatRoom.swift in Sources */ = {isa = PBXBuildFile; fileRef = 68514AF62D2B79DA00E127DD /* ChatRoom.swift */; };
		68514AFA2D2B79DA00E127DD /* MessageView.swift in Sources */ = {isa = PBXBuildFile; fileRef = 68514AF72D2B79DA00E127DD /* MessageView.swift */; };
		68514AFD2D2BB09700E127DD /* SessionList.swift in Sources */ = {isa = PBXBuildFile; fileRef = 68514AFC2D2BB09700E127DD /* SessionList.swift */; };
		68514AFF2D2D003F00E127DD /* SessionModel.swift in Sources */ = {isa = PBXBuildFile; fileRef = 68514AFE2D2D003E00E127DD /* SessionModel.swift */; };
		6866A19A2D3E2D0500BFE036 /* MessageView.swift in Sources */ = {isa = PBXBuildFile; fileRef = 68514AF72D2B79DA00E127DD /* MessageView.swift */; };
		6866A19B2D3E2D0500BFE036 /* SessionRow.swift in Sources */ = {isa = PBXBuildFile; fileRef = 68AA47C82D3656A700BBF9EF /* SessionRow.swift */; };
		6866A19C2D3E2D0500BFE036 /* Fetch.swift in Sources */ = {isa = PBXBuildFile; fileRef = 68514AE92D2B79CC00E127DD /* Fetch.swift */; };
		6866A19D2D3E2D0500BFE036 /* DeepseekHelper.swift in Sources */ = {isa = PBXBuildFile; fileRef = 68514AEA2D2B79CC00E127DD /* DeepseekHelper.swift */; };
		6866A19E2D3E2D0500BFE036 /* ChatRoom.swift in Sources */ = {isa = PBXBuildFile; fileRef = 68514AF62D2B79DA00E127DD /* ChatRoom.swift */; };
		6866A19F2D3E2D0500BFE036 /* AiChatApp.swift in Sources */ = {isa = PBXBuildFile; fileRef = 68514AB92D2B787200E127DD /* AiChatApp.swift */; };
		6866A1A02D3E2D0500BFE036 /* DateHelper.swift in Sources */ = {isa = PBXBuildFile; fileRef = 68AA47C32D34F12300BBF9EF /* DateHelper.swift */; };
		6866A1A12D3E2D0500BFE036 /* User.swift in Sources */ = {isa = PBXBuildFile; fileRef = 68514AED2D2B79CC00E127DD /* User.swift */; };
		6866A1A22D3E2D0500BFE036 /* Message.swift in Sources */ = {isa = PBXBuildFile; fileRef = 68514AEC2D2B79CC00E127DD /* Message.swift */; };
		6866A1A32D3E2D0500BFE036 /* SessionListModel.swift in Sources */ = {isa = PBXBuildFile; fileRef = 68514AE72D2B79CC00E127DD /* SessionListModel.swift */; };
		6866A1A42D3E2D0500BFE036 /* SessionModel.swift in Sources */ = {isa = PBXBuildFile; fileRef = 68514AFE2D2D003E00E127DD /* SessionModel.swift */; };
		6866A1A52D3E2D0500BFE036 /* ContentMessageView.swift in Sources */ = {isa = PBXBuildFile; fileRef = 68514AF52D2B79DA00E127DD /* ContentMessageView.swift */; };
		6866A1A62D3E2D0500BFE036 /* ColorExtension.swift in Sources */ = {isa = PBXBuildFile; fileRef = 68514AE82D2B79CC00E127DD /* ColorExtension.swift */; };
		6866A1AA2D3E2D0500BFE036 /* Preview Assets.xcassets in Resources */ = {isa = PBXBuildFile; fileRef = 68514AC32D2B787400E127DD /* Preview Assets.xcassets */; };
		6866A1AB2D3E2D0500BFE036 /* Assets.xcassets in Resources */ = {isa = PBXBuildFile; fileRef = 68514ABF2D2B787400E127DD /* Assets.xcassets */; };
		6866A1B02D3E2D4900BFE036 /* SessionList_MacOS.swift in Sources */ = {isa = PBXBuildFile; fileRef = 6866A1852D3E2ACD00BFE036 /* SessionList_MacOS.swift */; };
		68AA47C42D34F12300BBF9EF /* DateHelper.swift in Sources */ = {isa = PBXBuildFile; fileRef = 68AA47C32D34F12300BBF9EF /* DateHelper.swift */; };
		68AA47C92D3656A700BBF9EF /* SessionRow.swift in Sources */ = {isa = PBXBuildFile; fileRef = 68AA47C82D3656A700BBF9EF /* SessionRow.swift */; };
/* End PBXBuildFile section */

/* Begin PBXContainerItemProxy section */
		68514ACA2D2B787400E127DD /* PBXContainerItemProxy */ = {
			isa = PBXContainerItemProxy;
			containerPortal = 68514AAE2D2B787200E127DD /* Project object */;
			proxyType = 1;
			remoteGlobalIDString = 68514AB52D2B787200E127DD;
			remoteInfo = AiChat;
		};
		68514AD42D2B787400E127DD /* PBXContainerItemProxy */ = {
			isa = PBXContainerItemProxy;
			containerPortal = 68514AAE2D2B787200E127DD /* Project object */;
			proxyType = 1;
			remoteGlobalIDString = 68514AB52D2B787200E127DD;
			remoteInfo = AiChat;
		};
/* End PBXContainerItemProxy section */

/* Begin PBXFileReference section */
		68514AB62D2B787200E127DD /* AiChat.app */ = {isa = PBXFileReference; explicitFileType = wrapper.application; includeInIndex = 0; path = AiChat.app; sourceTree = BUILT_PRODUCTS_DIR; };
		68514AB92D2B787200E127DD /* AiChatApp.swift */ = {isa = PBXFileReference; lastKnownFileType = sourcecode.swift; path = AiChatApp.swift; sourceTree = "<group>"; };
		68514ABF2D2B787400E127DD /* Assets.xcassets */ = {isa = PBXFileReference; lastKnownFileType = folder.assetcatalog; path = Assets.xcassets; sourceTree = "<group>"; };
		68514AC12D2B787400E127DD /* AiChat.entitlements */ = {isa = PBXFileReference; lastKnownFileType = text.plist.entitlements; path = AiChat.entitlements; sourceTree = "<group>"; };
		68514AC32D2B787400E127DD /* Preview Assets.xcassets */ = {isa = PBXFileReference; lastKnownFileType = folder.assetcatalog; path = "Preview Assets.xcassets"; sourceTree = "<group>"; };
		68514AC92D2B787400E127DD /* AiChatTests.xctest */ = {isa = PBXFileReference; explicitFileType = wrapper.cfbundle; includeInIndex = 0; path = AiChatTests.xctest; sourceTree = BUILT_PRODUCTS_DIR; };
		68514ACD2D2B787400E127DD /* AiChatTests.swift */ = {isa = PBXFileReference; lastKnownFileType = sourcecode.swift; path = AiChatTests.swift; sourceTree = "<group>"; };
		68514AD32D2B787400E127DD /* AiChatUITests.xctest */ = {isa = PBXFileReference; explicitFileType = wrapper.cfbundle; includeInIndex = 0; path = AiChatUITests.xctest; sourceTree = BUILT_PRODUCTS_DIR; };
		68514AD72D2B787400E127DD /* AiChatUITests.swift */ = {isa = PBXFileReference; lastKnownFileType = sourcecode.swift; path = AiChatUITests.swift; sourceTree = "<group>"; };
		68514AD92D2B787400E127DD /* AiChatUITestsLaunchTests.swift */ = {isa = PBXFileReference; lastKnownFileType = sourcecode.swift; path = AiChatUITestsLaunchTests.swift; sourceTree = "<group>"; };
		68514AE72D2B79CC00E127DD /* SessionListModel.swift */ = {isa = PBXFileReference; fileEncoding = 4; lastKnownFileType = sourcecode.swift; path = SessionListModel.swift; sourceTree = "<group>"; };
		68514AE82D2B79CC00E127DD /* ColorExtension.swift */ = {isa = PBXFileReference; fileEncoding = 4; lastKnownFileType = sourcecode.swift; path = ColorExtension.swift; sourceTree = "<group>"; };
		68514AE92D2B79CC00E127DD /* Fetch.swift */ = {isa = PBXFileReference; fileEncoding = 4; lastKnownFileType = sourcecode.swift; path = Fetch.swift; sourceTree = "<group>"; };
		68514AEA2D2B79CC00E127DD /* DeepseekHelper.swift */ = {isa = PBXFileReference; fileEncoding = 4; lastKnownFileType = sourcecode.swift; path = DeepseekHelper.swift; sourceTree = "<group>"; };
		68514AEC2D2B79CC00E127DD /* Message.swift */ = {isa = PBXFileReference; fileEncoding = 4; lastKnownFileType = sourcecode.swift; path = Message.swift; sourceTree = "<group>"; };
		68514AED2D2B79CC00E127DD /* User.swift */ = {isa = PBXFileReference; fileEncoding = 4; lastKnownFileType = sourcecode.swift; path = User.swift; sourceTree = "<group>"; };
		68514AF52D2B79DA00E127DD /* ContentMessageView.swift */ = {isa = PBXFileReference; fileEncoding = 4; lastKnownFileType = sourcecode.swift; path = ContentMessageView.swift; sourceTree = "<group>"; };
		68514AF62D2B79DA00E127DD /* ChatRoom.swift */ = {isa = PBXFileReference; fileEncoding = 4; lastKnownFileType = sourcecode.swift; path = ChatRoom.swift; sourceTree = "<group>"; };
		68514AF72D2B79DA00E127DD /* MessageView.swift */ = {isa = PBXFileReference; fileEncoding = 4; lastKnownFileType = sourcecode.swift; path = MessageView.swift; sourceTree = "<group>"; };
		68514AFC2D2BB09700E127DD /* SessionList.swift */ = {isa = PBXFileReference; lastKnownFileType = sourcecode.swift; path = SessionList.swift; sourceTree = "<group>"; };
		68514AFE2D2D003E00E127DD /* SessionModel.swift */ = {isa = PBXFileReference; lastKnownFileType = sourcecode.swift; path = SessionModel.swift; sourceTree = "<group>"; };
		6866A1852D3E2ACD00BFE036 /* SessionList_MacOS.swift */ = {isa = PBXFileReference; lastKnownFileType = sourcecode.swift; path = SessionList_MacOS.swift; sourceTree = "<group>"; };
		6866A1AF2D3E2D0500BFE036 /* AiChat_MacOS.app */ = {isa = PBXFileReference; explicitFileType = wrapper.application; includeInIndex = 0; path = AiChat_MacOS.app; sourceTree = BUILT_PRODUCTS_DIR; };
		68AA47C32D34F12300BBF9EF /* DateHelper.swift */ = {isa = PBXFileReference; lastKnownFileType = sourcecode.swift; path = DateHelper.swift; sourceTree = "<group>"; };
		68AA47C82D3656A700BBF9EF /* SessionRow.swift */ = {isa = PBXFileReference; lastKnownFileType = sourcecode.swift; path = SessionRow.swift; sourceTree = "<group>"; };
/* End PBXFileReference section */

/* Begin PBXFrameworksBuildPhase section */
		68514AB32D2B787200E127DD /* Frameworks */ = {
			isa = PBXFrameworksBuildPhase;
			buildActionMask = 2147483647;
			files = (
			);
			runOnlyForDeploymentPostprocessing = 0;
		};
		68514AC62D2B787400E127DD /* Frameworks */ = {
			isa = PBXFrameworksBuildPhase;
			buildActionMask = 2147483647;
			files = (
			);
			runOnlyForDeploymentPostprocessing = 0;
		};
		68514AD02D2B787400E127DD /* Frameworks */ = {
			isa = PBXFrameworksBuildPhase;
			buildActionMask = 2147483647;
			files = (
			);
			runOnlyForDeploymentPostprocessing = 0;
		};
		6866A1A82D3E2D0500BFE036 /* Frameworks */ = {
			isa = PBXFrameworksBuildPhase;
			buildActionMask = 2147483647;
			files = (
			);
			runOnlyForDeploymentPostprocessing = 0;
		};
/* End PBXFrameworksBuildPhase section */

/* Begin PBXGroup section */
		68514AAD2D2B787200E127DD = {
			isa = PBXGroup;
			children = (
				68514AB82D2B787200E127DD /* AiChat */,
				68514ACC2D2B787400E127DD /* AiChatTests */,
				68514AD62D2B787400E127DD /* AiChatUITests */,
				68514AB72D2B787200E127DD /* Products */,
			);
			sourceTree = "<group>";
		};
		68514AB72D2B787200E127DD /* Products */ = {
			isa = PBXGroup;
			children = (
				68514AB62D2B787200E127DD /* AiChat.app */,
				68514AC92D2B787400E127DD /* AiChatTests.xctest */,
				68514AD32D2B787400E127DD /* AiChatUITests.xctest */,
				6866A1AF2D3E2D0500BFE036 /* AiChat_MacOS.app */,
			);
			name = Products;
			sourceTree = "<group>";
		};
		68514AB82D2B787200E127DD /* AiChat */ = {
			isa = PBXGroup;
			children = (
				68514AFB2D2BB05600E127DD /* Page */,
				68514AE62D2B79CC00E127DD /* Hepler */,
				68514AEB2D2B79CC00E127DD /* Models */,
				68514AB92D2B787200E127DD /* AiChatApp.swift */,
				68514ABF2D2B787400E127DD /* Assets.xcassets */,
				68514AC12D2B787400E127DD /* AiChat.entitlements */,
				68514AC22D2B787400E127DD /* Preview Content */,
			);
			path = AiChat;
			sourceTree = "<group>";
		};
		68514AC22D2B787400E127DD /* Preview Content */ = {
			isa = PBXGroup;
			children = (
				68514AC32D2B787400E127DD /* Preview Assets.xcassets */,
			);
			path = "Preview Content";
			sourceTree = "<group>";
		};
		68514ACC2D2B787400E127DD /* AiChatTests */ = {
			isa = PBXGroup;
			children = (
				68514ACD2D2B787400E127DD /* AiChatTests.swift */,
			);
			path = AiChatTests;
			sourceTree = "<group>";
		};
		68514AD62D2B787400E127DD /* AiChatUITests */ = {
			isa = PBXGroup;
			children = (
				68514AD72D2B787400E127DD /* AiChatUITests.swift */,
				68514AD92D2B787400E127DD /* AiChatUITestsLaunchTests.swift */,
			);
			path = AiChatUITests;
			sourceTree = "<group>";
		};
		68514AE62D2B79CC00E127DD /* Hepler */ = {
			isa = PBXGroup;
			children = (
				68514AE82D2B79CC00E127DD /* ColorExtension.swift */,
				68514AE92D2B79CC00E127DD /* Fetch.swift */,
				68514AEA2D2B79CC00E127DD /* DeepseekHelper.swift */,
				68AA47C32D34F12300BBF9EF /* DateHelper.swift */,
			);
			path = Hepler;
			sourceTree = "<group>";
		};
		68514AEB2D2B79CC00E127DD /* Models */ = {
			isa = PBXGroup;
			children = (
				68514AEC2D2B79CC00E127DD /* Message.swift */,
				68514AED2D2B79CC00E127DD /* User.swift */,
				68514AFE2D2D003E00E127DD /* SessionModel.swift */,
				68514AE72D2B79CC00E127DD /* SessionListModel.swift */,
			);
			path = Models;
			sourceTree = "<group>";
		};
		68514AFB2D2BB05600E127DD /* Page */ = {
			isa = PBXGroup;
			children = (
				68AA47CB2D36582B00BBF9EF /* ChatRoom */,
				68AA47C52D36566A00BBF9EF /* SessionList */,
			);
			path = Page;
			sourceTree = "<group>";
		};
		68AA47C52D36566A00BBF9EF /* SessionList */ = {
			isa = PBXGroup;
			children = (
				68514AFC2D2BB09700E127DD /* SessionList.swift */,
				68AA47C82D3656A700BBF9EF /* SessionRow.swift */,
				6866A1852D3E2ACD00BFE036 /* SessionList_MacOS.swift */,
			);
			path = SessionList;
			sourceTree = "<group>";
		};
		68AA47CB2D36582B00BBF9EF /* ChatRoom */ = {
			isa = PBXGroup;
			children = (
				68514AF62D2B79DA00E127DD /* ChatRoom.swift */,
				68514AF72D2B79DA00E127DD /* MessageView.swift */,
				68514AF52D2B79DA00E127DD /* ContentMessageView.swift */,
			);
			path = ChatRoom;
			sourceTree = "<group>";
		};
/* End PBXGroup section */

/* Begin PBXNativeTarget section */
		68514AB52D2B787200E127DD /* AiChat */ = {
			isa = PBXNativeTarget;
			buildConfigurationList = 68514ADD2D2B787400E127DD /* Build configuration list for PBXNativeTarget "AiChat" */;
			buildPhases = (
				68514AB22D2B787200E127DD /* Sources */,
				68514AB32D2B787200E127DD /* Frameworks */,
				68514AB42D2B787200E127DD /* Resources */,
			);
			buildRules = (
			);
			dependencies = (
			);
			name = AiChat;
			productName = AiChat;
			productReference = 68514AB62D2B787200E127DD /* AiChat.app */;
			productType = "com.apple.product-type.application";
		};
		68514AC82D2B787400E127DD /* AiChatTests */ = {
			isa = PBXNativeTarget;
			buildConfigurationList = 68514AE02D2B787400E127DD /* Build configuration list for PBXNativeTarget "AiChatTests" */;
			buildPhases = (
				68514AC52D2B787400E127DD /* Sources */,
				68514AC62D2B787400E127DD /* Frameworks */,
				68514AC72D2B787400E127DD /* Resources */,
			);
			buildRules = (
			);
			dependencies = (
				68514ACB2D2B787400E127DD /* PBXTargetDependency */,
			);
			name = AiChatTests;
			productName = AiChatTests;
			productReference = 68514AC92D2B787400E127DD /* AiChatTests.xctest */;
			productType = "com.apple.product-type.bundle.unit-test";
		};
		68514AD22D2B787400E127DD /* AiChatUITests */ = {
			isa = PBXNativeTarget;
			buildConfigurationList = 68514AE32D2B787400E127DD /* Build configuration list for PBXNativeTarget "AiChatUITests" */;
			buildPhases = (
				68514ACF2D2B787400E127DD /* Sources */,
				68514AD02D2B787400E127DD /* Frameworks */,
				68514AD12D2B787400E127DD /* Resources */,
			);
			buildRules = (
			);
			dependencies = (
				68514AD52D2B787400E127DD /* PBXTargetDependency */,
			);
			name = AiChatUITests;
			productName = AiChatUITests;
			productReference = 68514AD32D2B787400E127DD /* AiChatUITests.xctest */;
			productType = "com.apple.product-type.bundle.ui-testing";
		};
		6866A1982D3E2D0500BFE036 /* AiChat_MacOS */ = {
			isa = PBXNativeTarget;
			buildConfigurationList = 6866A1AC2D3E2D0500BFE036 /* Build configuration list for PBXNativeTarget "AiChat_MacOS" */;
			buildPhases = (
				6866A1992D3E2D0500BFE036 /* Sources */,
				6866A1A82D3E2D0500BFE036 /* Frameworks */,
				6866A1A92D3E2D0500BFE036 /* Resources */,
			);
			buildRules = (
			);
			dependencies = (
			);
			name = AiChat_MacOS;
			productName = AiChat;
			productReference = 6866A1AF2D3E2D0500BFE036 /* AiChat_MacOS.app */;
			productType = "com.apple.product-type.application";
		};
/* End PBXNativeTarget section */

/* Begin PBXProject section */
		68514AAE2D2B787200E127DD /* Project object */ = {
			isa = PBXProject;
			attributes = {
				BuildIndependentTargetsInParallel = 1;
				LastSwiftUpdateCheck = 1520;
				LastUpgradeCheck = 1520;
				TargetAttributes = {
					68514AB52D2B787200E127DD = {
						CreatedOnToolsVersion = 15.2;
					};
					68514AC82D2B787400E127DD = {
						CreatedOnToolsVersion = 15.2;
						TestTargetID = 68514AB52D2B787200E127DD;
					};
					68514AD22D2B787400E127DD = {
						CreatedOnToolsVersion = 15.2;
						TestTargetID = 68514AB52D2B787200E127DD;
					};
				};
			};
			buildConfigurationList = 68514AB12D2B787200E127DD /* Build configuration list for PBXProject "AiChat" */;
			compatibilityVersion = "Xcode 14.0";
			developmentRegion = en;
			hasScannedForEncodings = 0;
			knownRegions = (
				en,
				Base,
			);
			mainGroup = 68514AAD2D2B787200E127DD;
			productRefGroup = 68514AB72D2B787200E127DD /* Products */;
			projectDirPath = "";
			projectRoot = "";
			targets = (
				68514AB52D2B787200E127DD /* AiChat */,
				6866A1982D3E2D0500BFE036 /* AiChat_MacOS */,
				68514AC82D2B787400E127DD /* AiChatTests */,
				68514AD22D2B787400E127DD /* AiChatUITests */,
			);
		};
/* End PBXProject section */

/* Begin PBXResourcesBuildPhase section */
		68514AB42D2B787200E127DD /* Resources */ = {
			isa = PBXResourcesBuildPhase;
			buildActionMask = 2147483647;
			files = (
				68514AC42D2B787400E127DD /* Preview Assets.xcassets in Resources */,
				68514AC02D2B787400E127DD /* Assets.xcassets in Resources */,
			);
			runOnlyForDeploymentPostprocessing = 0;
		};
		68514AC72D2B787400E127DD /* Resources */ = {
			isa = PBXResourcesBuildPhase;
			buildActionMask = 2147483647;
			files = (
			);
			runOnlyForDeploymentPostprocessing = 0;
		};
		68514AD12D2B787400E127DD /* Resources */ = {
			isa = PBXResourcesBuildPhase;
			buildActionMask = 2147483647;
			files = (
			);
			runOnlyForDeploymentPostprocessing = 0;
		};
		6866A1A92D3E2D0500BFE036 /* Resources */ = {
			isa = PBXResourcesBuildPhase;
			buildActionMask = 2147483647;
			files = (
				6866A1AA2D3E2D0500BFE036 /* Preview Assets.xcassets in Resources */,
				6866A1AB2D3E2D0500BFE036 /* Assets.xcassets in Resources */,
			);
			runOnlyForDeploymentPostprocessing = 0;
		};
/* End PBXResourcesBuildPhase section */

/* Begin PBXSourcesBuildPhase section */
		68514AB22D2B787200E127DD /* Sources */ = {
			isa = PBXSourcesBuildPhase;
			buildActionMask = 2147483647;
			files = (
				68514AFA2D2B79DA00E127DD /* MessageView.swift in Sources */,
				68AA47C92D3656A700BBF9EF /* SessionRow.swift in Sources */,
				68514AF02D2B79CC00E127DD /* Fetch.swift in Sources */,
				68514AF12D2B79CC00E127DD /* DeepseekHelper.swift in Sources */,
				68514AF92D2B79DA00E127DD /* ChatRoom.swift in Sources */,
				68514ABA2D2B787200E127DD /* AiChatApp.swift in Sources */,
				68AA47C42D34F12300BBF9EF /* DateHelper.swift in Sources */,
				68514AF32D2B79CC00E127DD /* User.swift in Sources */,
				68514AF22D2B79CC00E127DD /* Message.swift in Sources */,
				68514AEE2D2B79CC00E127DD /* SessionListModel.swift in Sources */,
				68514AFF2D2D003F00E127DD /* SessionModel.swift in Sources */,
				68514AF82D2B79DA00E127DD /* ContentMessageView.swift in Sources */,
				68514AEF2D2B79CC00E127DD /* ColorExtension.swift in Sources */,
				68514AFD2D2BB09700E127DD /* SessionList.swift in Sources */,
			);
			runOnlyForDeploymentPostprocessing = 0;
		};
		68514AC52D2B787400E127DD /* Sources */ = {
			isa = PBXSourcesBuildPhase;
			buildActionMask = 2147483647;
			files = (
				68514ACE2D2B787400E127DD /* AiChatTests.swift in Sources */,
			);
			runOnlyForDeploymentPostprocessing = 0;
		};
		68514ACF2D2B787400E127DD /* Sources */ = {
			isa = PBXSourcesBuildPhase;
			buildActionMask = 2147483647;
			files = (
				68514ADA2D2B787400E127DD /* AiChatUITestsLaunchTests.swift in Sources */,
				68514AD82D2B787400E127DD /* AiChatUITests.swift in Sources */,
			);
			runOnlyForDeploymentPostprocessing = 0;
		};
		6866A1992D3E2D0500BFE036 /* Sources */ = {
			isa = PBXSourcesBuildPhase;
			buildActionMask = 2147483647;
			files = (
				6866A19A2D3E2D0500BFE036 /* MessageView.swift in Sources */,
				6866A19B2D3E2D0500BFE036 /* SessionRow.swift in Sources */,
				6866A19C2D3E2D0500BFE036 /* Fetch.swift in Sources */,
				6866A19D2D3E2D0500BFE036 /* DeepseekHelper.swift in Sources */,
				6866A19E2D3E2D0500BFE036 /* ChatRoom.swift in Sources */,
				6866A19F2D3E2D0500BFE036 /* AiChatApp.swift in Sources */,
				6866A1A02D3E2D0500BFE036 /* DateHelper.swift in Sources */,
				6866A1A12D3E2D0500BFE036 /* User.swift in Sources */,
				6866A1A22D3E2D0500BFE036 /* Message.swift in Sources */,
				6866A1A32D3E2D0500BFE036 /* SessionListModel.swift in Sources */,
				6866A1A42D3E2D0500BFE036 /* SessionModel.swift in Sources */,
				6866A1A52D3E2D0500BFE036 /* ContentMessageView.swift in Sources */,
				6866A1B02D3E2D4900BFE036 /* SessionList_MacOS.swift in Sources */,
				6866A1A62D3E2D0500BFE036 /* ColorExtension.swift in Sources */,
			);
			runOnlyForDeploymentPostprocessing = 0;
		};
/* End PBXSourcesBuildPhase section */

/* Begin PBXTargetDependency section */
		68514ACB2D2B787400E127DD /* PBXTargetDependency */ = {
			isa = PBXTargetDependency;
			target = 68514AB52D2B787200E127DD /* AiChat */;
			targetProxy = 68514ACA2D2B787400E127DD /* PBXContainerItemProxy */;
		};
		68514AD52D2B787400E127DD /* PBXTargetDependency */ = {
			isa = PBXTargetDependency;
			target = 68514AB52D2B787200E127DD /* AiChat */;
			targetProxy = 68514AD42D2B787400E127DD /* PBXContainerItemProxy */;
		};
/* End PBXTargetDependency section */

/* Begin XCBuildConfiguration section */
		68514ADB2D2B787400E127DD /* Debug */ = {
			isa = XCBuildConfiguration;
			buildSettings = {
				ALWAYS_SEARCH_USER_PATHS = NO;
				ASSETCATALOG_COMPILER_GENERATE_SWIFT_ASSET_SYMBOL_EXTENSIONS = YES;
				CLANG_ANALYZER_NONNULL = YES;
				CLANG_ANALYZER_NUMBER_OBJECT_CONVERSION = YES_AGGRESSIVE;
				CLANG_CXX_LANGUAGE_STANDARD = "gnu++20";
				CLANG_ENABLE_MODULES = YES;
				CLANG_ENABLE_OBJC_ARC = YES;
				CLANG_ENABLE_OBJC_WEAK = YES;
				CLANG_WARN_BLOCK_CAPTURE_AUTORELEASING = YES;
				CLANG_WARN_BOOL_CONVERSION = YES;
				CLANG_WARN_COMMA = YES;
				CLANG_WARN_CONSTANT_CONVERSION = YES;
				CLANG_WARN_DEPRECATED_OBJC_IMPLEMENTATIONS = YES;
				CLANG_WARN_DIRECT_OBJC_ISA_USAGE = YES_ERROR;
				CLANG_WARN_DOCUMENTATION_COMMENTS = YES;
				CLANG_WARN_EMPTY_BODY = YES;
				CLANG_WARN_ENUM_CONVERSION = YES;
				CLANG_WARN_INFINITE_RECURSION = YES;
				CLANG_WARN_INT_CONVERSION = YES;
				CLANG_WARN_NON_LITERAL_NULL_CONVERSION = YES;
				CLANG_WARN_OBJC_IMPLICIT_RETAIN_SELF = YES;
				CLANG_WARN_OBJC_LITERAL_CONVERSION = YES;
				CLANG_WARN_OBJC_ROOT_CLASS = YES_ERROR;
				CLANG_WARN_QUOTED_INCLUDE_IN_FRAMEWORK_HEADER = YES;
				CLANG_WARN_RANGE_LOOP_ANALYSIS = YES;
				CLANG_WARN_STRICT_PROTOTYPES = YES;
				CLANG_WARN_SUSPICIOUS_MOVE = YES;
				CLANG_WARN_UNGUARDED_AVAILABILITY = YES_AGGRESSIVE;
				CLANG_WARN_UNREACHABLE_CODE = YES;
				CLANG_WARN__DUPLICATE_METHOD_MATCH = YES;
				COPY_PHASE_STRIP = NO;
				DEBUG_INFORMATION_FORMAT = dwarf;
				ENABLE_STRICT_OBJC_MSGSEND = YES;
				ENABLE_TESTABILITY = YES;
				ENABLE_USER_SCRIPT_SANDBOXING = YES;
				GCC_C_LANGUAGE_STANDARD = gnu17;
				GCC_DYNAMIC_NO_PIC = NO;
				GCC_NO_COMMON_BLOCKS = YES;
				GCC_OPTIMIZATION_LEVEL = 0;
				GCC_PREPROCESSOR_DEFINITIONS = (
					"DEBUG=1",
					"$(inherited)",
				);
				GCC_WARN_64_TO_32_BIT_CONVERSION = YES;
				GCC_WARN_ABOUT_RETURN_TYPE = YES_ERROR;
				GCC_WARN_UNDECLARED_SELECTOR = YES;
				GCC_WARN_UNINITIALIZED_AUTOS = YES_AGGRESSIVE;
				GCC_WARN_UNUSED_FUNCTION = YES;
				GCC_WARN_UNUSED_VARIABLE = YES;
				LOCALIZATION_PREFERS_STRING_CATALOGS = YES;
				MTL_ENABLE_DEBUG_INFO = INCLUDE_SOURCE;
				MTL_FAST_MATH = YES;
				ONLY_ACTIVE_ARCH = YES;
				SWIFT_ACTIVE_COMPILATION_CONDITIONS = "DEBUG $(inherited)";
				SWIFT_OPTIMIZATION_LEVEL = "-Onone";
			};
			name = Debug;
		};
		68514ADC2D2B787400E127DD /* Release */ = {
			isa = XCBuildConfiguration;
			buildSettings = {
				ALWAYS_SEARCH_USER_PATHS = NO;
				ASSETCATALOG_COMPILER_GENERATE_SWIFT_ASSET_SYMBOL_EXTENSIONS = YES;
				CLANG_ANALYZER_NONNULL = YES;
				CLANG_ANALYZER_NUMBER_OBJECT_CONVERSION = YES_AGGRESSIVE;
				CLANG_CXX_LANGUAGE_STANDARD = "gnu++20";
				CLANG_ENABLE_MODULES = YES;
				CLANG_ENABLE_OBJC_ARC = YES;
				CLANG_ENABLE_OBJC_WEAK = YES;
				CLANG_WARN_BLOCK_CAPTURE_AUTORELEASING = YES;
				CLANG_WARN_BOOL_CONVERSION = YES;
				CLANG_WARN_COMMA = YES;
				CLANG_WARN_CONSTANT_CONVERSION = YES;
				CLANG_WARN_DEPRECATED_OBJC_IMPLEMENTATIONS = YES;
				CLANG_WARN_DIRECT_OBJC_ISA_USAGE = YES_ERROR;
				CLANG_WARN_DOCUMENTATION_COMMENTS = YES;
				CLANG_WARN_EMPTY_BODY = YES;
				CLANG_WARN_ENUM_CONVERSION = YES;
				CLANG_WARN_INFINITE_RECURSION = YES;
				CLANG_WARN_INT_CONVERSION = YES;
				CLANG_WARN_NON_LITERAL_NULL_CONVERSION = YES;
				CLANG_WARN_OBJC_IMPLICIT_RETAIN_SELF = YES;
				CLANG_WARN_OBJC_LITERAL_CONVERSION = YES;
				CLANG_WARN_OBJC_ROOT_CLASS = YES_ERROR;
				CLANG_WARN_QUOTED_INCLUDE_IN_FRAMEWORK_HEADER = YES;
				CLANG_WARN_RANGE_LOOP_ANALYSIS = YES;
				CLANG_WARN_STRICT_PROTOTYPES = YES;
				CLANG_WARN_SUSPICIOUS_MOVE = YES;
				CLANG_WARN_UNGUARDED_AVAILABILITY = YES_AGGRESSIVE;
				CLANG_WARN_UNREACHABLE_CODE = YES;
				CLANG_WARN__DUPLICATE_METHOD_MATCH = YES;
				COPY_PHASE_STRIP = NO;
				DEBUG_INFORMATION_FORMAT = "dwarf-with-dsym";
				ENABLE_NS_ASSERTIONS = NO;
				ENABLE_STRICT_OBJC_MSGSEND = YES;
				ENABLE_USER_SCRIPT_SANDBOXING = YES;
				GCC_C_LANGUAGE_STANDARD = gnu17;
				GCC_NO_COMMON_BLOCKS = YES;
				GCC_WARN_64_TO_32_BIT_CONVERSION = YES;
				GCC_WARN_ABOUT_RETURN_TYPE = YES_ERROR;
				GCC_WARN_UNDECLARED_SELECTOR = YES;
				GCC_WARN_UNINITIALIZED_AUTOS = YES_AGGRESSIVE;
				GCC_WARN_UNUSED_FUNCTION = YES;
				GCC_WARN_UNUSED_VARIABLE = YES;
				LOCALIZATION_PREFERS_STRING_CATALOGS = YES;
				MTL_ENABLE_DEBUG_INFO = NO;
				MTL_FAST_MATH = YES;
				SWIFT_COMPILATION_MODE = wholemodule;
			};
			name = Release;
		};
		68514ADE2D2B787400E127DD /* Debug */ = {
			isa = XCBuildConfiguration;
			buildSettings = {
				ASSETCATALOG_COMPILER_APPICON_NAME = AppIcon;
				ASSETCATALOG_COMPILER_GLOBAL_ACCENT_COLOR_NAME = AccentColor;
				CODE_SIGN_ENTITLEMENTS = AiChat/AiChat.entitlements;
				"CODE_SIGN_IDENTITY[sdk=macosx*]" = "Apple Development";
				CODE_SIGN_STYLE = Automatic;
				CURRENT_PROJECT_VERSION = 1;
				DEVELOPMENT_ASSET_PATHS = "\"AiChat/Preview Content\"";
				DEVELOPMENT_TEAM = T6E4CX2R5W;
				ENABLE_HARDENED_RUNTIME = YES;
				ENABLE_PREVIEWS = YES;
				GENERATE_INFOPLIST_FILE = YES;
				INFOPLIST_KEY_CFBundleDisplayName = "DeepseekV3 Ai";
				"INFOPLIST_KEY_UIApplicationSceneManifest_Generation[sdk=iphoneos*]" = YES;
				"INFOPLIST_KEY_UIApplicationSceneManifest_Generation[sdk=iphonesimulator*]" = YES;
				"INFOPLIST_KEY_UIApplicationSupportsIndirectInputEvents[sdk=iphoneos*]" = YES;
				"INFOPLIST_KEY_UIApplicationSupportsIndirectInputEvents[sdk=iphonesimulator*]" = YES;
				"INFOPLIST_KEY_UILaunchScreen_Generation[sdk=iphoneos*]" = YES;
				"INFOPLIST_KEY_UILaunchScreen_Generation[sdk=iphonesimulator*]" = YES;
				"INFOPLIST_KEY_UIStatusBarStyle[sdk=iphoneos*]" = UIStatusBarStyleDefault;
				"INFOPLIST_KEY_UIStatusBarStyle[sdk=iphonesimulator*]" = UIStatusBarStyleDefault;
				INFOPLIST_KEY_UISupportedInterfaceOrientations_iPad = "UIInterfaceOrientationPortrait UIInterfaceOrientationPortraitUpsideDown UIInterfaceOrientationLandscapeLeft UIInterfaceOrientationLandscapeRight";
				INFOPLIST_KEY_UISupportedInterfaceOrientations_iPhone = "UIInterfaceOrientationPortrait UIInterfaceOrientationLandscapeLeft UIInterfaceOrientationLandscapeRight";
				IPHONEOS_DEPLOYMENT_TARGET = 16.0;
				LD_RUNPATH_SEARCH_PATHS = "@executable_path/Frameworks";
				"LD_RUNPATH_SEARCH_PATHS[sdk=macosx*]" = "@executable_path/../Frameworks";
				MACOSX_DEPLOYMENT_TARGET = 13.0;
				MARKETING_VERSION = 1.0;
				PRODUCT_BUNDLE_IDENTIFIER = godot.aichat;
				PRODUCT_NAME = "$(TARGET_NAME)";
				SDKROOT = auto;
				SUPPORTED_PLATFORMS = "iphoneos iphonesimulator";
				SUPPORTS_MACCATALYST = NO;
				SWIFT_EMIT_LOC_STRINGS = YES;
				SWIFT_VERSION = 5.0;
				TARGETED_DEVICE_FAMILY = "1,2";
			};
			name = Debug;
		};
		68514ADF2D2B787400E127DD /* Release */ = {
			isa = XCBuildConfiguration;
			buildSettings = {
				ASSETCATALOG_COMPILER_APPICON_NAME = AppIcon;
				ASSETCATALOG_COMPILER_GLOBAL_ACCENT_COLOR_NAME = AccentColor;
				CODE_SIGN_ENTITLEMENTS = AiChat/AiChat.entitlements;
				"CODE_SIGN_IDENTITY[sdk=macosx*]" = "Apple Development";
				CODE_SIGN_STYLE = Automatic;
				CURRENT_PROJECT_VERSION = 1;
				DEVELOPMENT_ASSET_PATHS = "\"AiChat/Preview Content\"";
				DEVELOPMENT_TEAM = T6E4CX2R5W;
				ENABLE_HARDENED_RUNTIME = YES;
				ENABLE_PREVIEWS = YES;
				GENERATE_INFOPLIST_FILE = YES;
				INFOPLIST_KEY_CFBundleDisplayName = "DeepseekV3 Ai";
				"INFOPLIST_KEY_UIApplicationSceneManifest_Generation[sdk=iphoneos*]" = YES;
				"INFOPLIST_KEY_UIApplicationSceneManifest_Generation[sdk=iphonesimulator*]" = YES;
				"INFOPLIST_KEY_UIApplicationSupportsIndirectInputEvents[sdk=iphoneos*]" = YES;
				"INFOPLIST_KEY_UIApplicationSupportsIndirectInputEvents[sdk=iphonesimulator*]" = YES;
				"INFOPLIST_KEY_UILaunchScreen_Generation[sdk=iphoneos*]" = YES;
				"INFOPLIST_KEY_UILaunchScreen_Generation[sdk=iphonesimulator*]" = YES;
				"INFOPLIST_KEY_UIStatusBarStyle[sdk=iphoneos*]" = UIStatusBarStyleDefault;
				"INFOPLIST_KEY_UIStatusBarStyle[sdk=iphonesimulator*]" = UIStatusBarStyleDefault;
				INFOPLIST_KEY_UISupportedInterfaceOrientations_iPad = "UIInterfaceOrientationPortrait UIInterfaceOrientationPortraitUpsideDown UIInterfaceOrientationLandscapeLeft UIInterfaceOrientationLandscapeRight";
				INFOPLIST_KEY_UISupportedInterfaceOrientations_iPhone = "UIInterfaceOrientationPortrait UIInterfaceOrientationLandscapeLeft UIInterfaceOrientationLandscapeRight";
				IPHONEOS_DEPLOYMENT_TARGET = 16.0;
				LD_RUNPATH_SEARCH_PATHS = "@executable_path/Frameworks";
				"LD_RUNPATH_SEARCH_PATHS[sdk=macosx*]" = "@executable_path/../Frameworks";
				MACOSX_DEPLOYMENT_TARGET = 13.0;
				MARKETING_VERSION = 1.0;
				PRODUCT_BUNDLE_IDENTIFIER = godot.aichat;
				PRODUCT_NAME = "$(TARGET_NAME)";
				SDKROOT = auto;
				SUPPORTED_PLATFORMS = "iphoneos iphonesimulator";
				SUPPORTS_MACCATALYST = NO;
				SWIFT_EMIT_LOC_STRINGS = YES;
				SWIFT_VERSION = 5.0;
				TARGETED_DEVICE_FAMILY = "1,2";
			};
			name = Release;
		};
		68514AE12D2B787400E127DD /* Debug */ = {
			isa = XCBuildConfiguration;
			buildSettings = {
				ALWAYS_EMBED_SWIFT_STANDARD_LIBRARIES = YES;
				BUNDLE_LOADER = "$(TEST_HOST)";
				CODE_SIGN_STYLE = Automatic;
				CURRENT_PROJECT_VERSION = 1;
				DEVELOPMENT_TEAM = 45NC9P549C;
				GENERATE_INFOPLIST_FILE = YES;
				IPHONEOS_DEPLOYMENT_TARGET = 17.2;
				MACOSX_DEPLOYMENT_TARGET = 14.2;
				MARKETING_VERSION = 1.0;
				PRODUCT_BUNDLE_IDENTIFIER = roy.chen.AiChatTests;
				PRODUCT_NAME = "$(TARGET_NAME)";
				SDKROOT = auto;
				SUPPORTED_PLATFORMS = "iphoneos iphonesimulator macosx";
				SWIFT_EMIT_LOC_STRINGS = NO;
				SWIFT_VERSION = 5.0;
				TARGETED_DEVICE_FAMILY = "1,2";
				TEST_HOST = "$(BUILT_PRODUCTS_DIR)/AiChat.app/$(BUNDLE_EXECUTABLE_FOLDER_PATH)/AiChat";
			};
			name = Debug;
		};
		68514AE22D2B787400E127DD /* Release */ = {
			isa = XCBuildConfiguration;
			buildSettings = {
				ALWAYS_EMBED_SWIFT_STANDARD_LIBRARIES = YES;
				BUNDLE_LOADER = "$(TEST_HOST)";
				CODE_SIGN_STYLE = Automatic;
				CURRENT_PROJECT_VERSION = 1;
				DEVELOPMENT_TEAM = 45NC9P549C;
				GENERATE_INFOPLIST_FILE = YES;
				IPHONEOS_DEPLOYMENT_TARGET = 17.2;
				MACOSX_DEPLOYMENT_TARGET = 14.2;
				MARKETING_VERSION = 1.0;
				PRODUCT_BUNDLE_IDENTIFIER = roy.chen.AiChatTests;
				PRODUCT_NAME = "$(TARGET_NAME)";
				SDKROOT = auto;
				SUPPORTED_PLATFORMS = "iphoneos iphonesimulator macosx";
				SWIFT_EMIT_LOC_STRINGS = NO;
				SWIFT_VERSION = 5.0;
				TARGETED_DEVICE_FAMILY = "1,2";
				TEST_HOST = "$(BUILT_PRODUCTS_DIR)/AiChat.app/$(BUNDLE_EXECUTABLE_FOLDER_PATH)/AiChat";
			};
			name = Release;
		};
		68514AE42D2B787400E127DD /* Debug */ = {
			isa = XCBuildConfiguration;
			buildSettings = {
				ALWAYS_EMBED_SWIFT_STANDARD_LIBRARIES = YES;
				CODE_SIGN_STYLE = Automatic;
				CURRENT_PROJECT_VERSION = 1;
				DEVELOPMENT_TEAM = 45NC9P549C;
				GENERATE_INFOPLIST_FILE = YES;
				IPHONEOS_DEPLOYMENT_TARGET = 17.2;
				MACOSX_DEPLOYMENT_TARGET = 14.2;
				MARKETING_VERSION = 1.0;
				PRODUCT_BUNDLE_IDENTIFIER = roy.chen.AiChatUITests;
				PRODUCT_NAME = "$(TARGET_NAME)";
				SDKROOT = auto;
				SUPPORTED_PLATFORMS = "iphoneos iphonesimulator macosx";
				SWIFT_EMIT_LOC_STRINGS = NO;
				SWIFT_VERSION = 5.0;
				TARGETED_DEVICE_FAMILY = "1,2";
				TEST_TARGET_NAME = AiChat;
			};
			name = Debug;
		};
		68514AE52D2B787400E127DD /* Release */ = {
			isa = XCBuildConfiguration;
			buildSettings = {
				ALWAYS_EMBED_SWIFT_STANDARD_LIBRARIES = YES;
				CODE_SIGN_STYLE = Automatic;
				CURRENT_PROJECT_VERSION = 1;
				DEVELOPMENT_TEAM = 45NC9P549C;
				GENERATE_INFOPLIST_FILE = YES;
				IPHONEOS_DEPLOYMENT_TARGET = 17.2;
				MACOSX_DEPLOYMENT_TARGET = 14.2;
				MARKETING_VERSION = 1.0;
				PRODUCT_BUNDLE_IDENTIFIER = roy.chen.AiChatUITests;
				PRODUCT_NAME = "$(TARGET_NAME)";
				SDKROOT = auto;
				SUPPORTED_PLATFORMS = "iphoneos iphonesimulator macosx";
				SWIFT_EMIT_LOC_STRINGS = NO;
				SWIFT_VERSION = 5.0;
				TARGETED_DEVICE_FAMILY = "1,2";
				TEST_TARGET_NAME = AiChat;
			};
			name = Release;
		};
		6866A1AD2D3E2D0500BFE036 /* Debug */ = {
			isa = XCBuildConfiguration;
			buildSettings = {
				ASSETCATALOG_COMPILER_APPICON_NAME = AppIcon;
				ASSETCATALOG_COMPILER_GLOBAL_ACCENT_COLOR_NAME = AccentColor;
				CODE_SIGN_ENTITLEMENTS = AiChat/AiChat.entitlements;
				"CODE_SIGN_IDENTITY[sdk=macosx*]" = "Apple Development";
				CODE_SIGN_STYLE = Automatic;
				CURRENT_PROJECT_VERSION = 1;
				DEVELOPMENT_ASSET_PATHS = "\"AiChat/Preview Content\"";
				DEVELOPMENT_TEAM = T6E4CX2R5W;
				ENABLE_HARDENED_RUNTIME = YES;
				ENABLE_PREVIEWS = YES;
				GENERATE_INFOPLIST_FILE = YES;
				INFOPLIST_KEY_CFBundleDisplayName = "DeepseekV3 Ai";
				"INFOPLIST_KEY_UIApplicationSceneManifest_Generation[sdk=iphoneos*]" = YES;
				"INFOPLIST_KEY_UIApplicationSceneManifest_Generation[sdk=iphonesimulator*]" = YES;
				"INFOPLIST_KEY_UIApplicationSupportsIndirectInputEvents[sdk=iphoneos*]" = YES;
				"INFOPLIST_KEY_UIApplicationSupportsIndirectInputEvents[sdk=iphonesimulator*]" = YES;
				"INFOPLIST_KEY_UILaunchScreen_Generation[sdk=iphoneos*]" = YES;
				"INFOPLIST_KEY_UILaunchScreen_Generation[sdk=iphonesimulator*]" = YES;
				"INFOPLIST_KEY_UIStatusBarStyle[sdk=iphoneos*]" = UIStatusBarStyleDefault;
				"INFOPLIST_KEY_UIStatusBarStyle[sdk=iphonesimulator*]" = UIStatusBarStyleDefault;
				INFOPLIST_KEY_UISupportedInterfaceOrientations_iPad = "UIInterfaceOrientationPortrait UIInterfaceOrientationPortraitUpsideDown UIInterfaceOrientationLandscapeLeft UIInterfaceOrientationLandscapeRight";
				INFOPLIST_KEY_UISupportedInterfaceOrientations_iPhone = "UIInterfaceOrientationPortrait UIInterfaceOrientationLandscapeLeft UIInterfaceOrientationLandscapeRight";
				IPHONEOS_DEPLOYMENT_TARGET = 16.0;
				LD_RUNPATH_SEARCH_PATHS = "@executable_path/Frameworks";
				"LD_RUNPATH_SEARCH_PATHS[sdk=macosx*]" = "@executable_path/../Frameworks";
				MACOSX_DEPLOYMENT_TARGET = 13.0;
				MARKETING_VERSION = 1.0;
				PRODUCT_BUNDLE_IDENTIFIER = godot.aichat;
				PRODUCT_NAME = "$(TARGET_NAME)";
				SDKROOT = auto;
				SUPPORTED_PLATFORMS = macosx;
				SUPPORTS_MACCATALYST = NO;
				SWIFT_EMIT_LOC_STRINGS = YES;
				SWIFT_VERSION = 5.0;
			};
			name = Debug;
		};
		6866A1AE2D3E2D0500BFE036 /* Release */ = {
			isa = XCBuildConfiguration;
			buildSettings = {
				ASSETCATALOG_COMPILER_APPICON_NAME = AppIcon;
				ASSETCATALOG_COMPILER_GLOBAL_ACCENT_COLOR_NAME = AccentColor;
				CODE_SIGN_ENTITLEMENTS = AiChat/AiChat.entitlements;
				"CODE_SIGN_IDENTITY[sdk=macosx*]" = "Apple Development";
				CODE_SIGN_STYLE = Automatic;
				CURRENT_PROJECT_VERSION = 1;
				DEVELOPMENT_ASSET_PATHS = "\"AiChat/Preview Content\"";
				DEVELOPMENT_TEAM = T6E4CX2R5W;
				ENABLE_HARDENED_RUNTIME = YES;
				ENABLE_PREVIEWS = YES;
				GENERATE_INFOPLIST_FILE = YES;
				INFOPLIST_KEY_CFBundleDisplayName = "DeepseekV3 Ai";
				"INFOPLIST_KEY_UIApplicationSceneManifest_Generation[sdk=iphoneos*]" = YES;
				"INFOPLIST_KEY_UIApplicationSceneManifest_Generation[sdk=iphonesimulator*]" = YES;
				"INFOPLIST_KEY_UIApplicationSupportsIndirectInputEvents[sdk=iphoneos*]" = YES;
				"INFOPLIST_KEY_UIApplicationSupportsIndirectInputEvents[sdk=iphonesimulator*]" = YES;
				"INFOPLIST_KEY_UILaunchScreen_Generation[sdk=iphoneos*]" = YES;
				"INFOPLIST_KEY_UILaunchScreen_Generation[sdk=iphonesimulator*]" = YES;
				"INFOPLIST_KEY_UIStatusBarStyle[sdk=iphoneos*]" = UIStatusBarStyleDefault;
				"INFOPLIST_KEY_UIStatusBarStyle[sdk=iphonesimulator*]" = UIStatusBarStyleDefault;
				INFOPLIST_KEY_UISupportedInterfaceOrientations_iPad = "UIInterfaceOrientationPortrait UIInterfaceOrientationPortraitUpsideDown UIInterfaceOrientationLandscapeLeft UIInterfaceOrientationLandscapeRight";
				INFOPLIST_KEY_UISupportedInterfaceOrientations_iPhone = "UIInterfaceOrientationPortrait UIInterfaceOrientationLandscapeLeft UIInterfaceOrientationLandscapeRight";
				IPHONEOS_DEPLOYMENT_TARGET = 16.0;
				LD_RUNPATH_SEARCH_PATHS = "@executable_path/Frameworks";
				"LD_RUNPATH_SEARCH_PATHS[sdk=macosx*]" = "@executable_path/../Frameworks";
				MACOSX_DEPLOYMENT_TARGET = 13.0;
				MARKETING_VERSION = 1.0;
				PRODUCT_BUNDLE_IDENTIFIER = godot.aichat;
				PRODUCT_NAME = "$(TARGET_NAME)";
				SDKROOT = auto;
				SUPPORTED_PLATFORMS = macosx;
				SUPPORTS_MACCATALYST = NO;
				SWIFT_EMIT_LOC_STRINGS = YES;
				SWIFT_VERSION = 5.0;
			};
			name = Release;
		};
/* End XCBuildConfiguration section */

/* Begin XCConfigurationList section */
		68514AB12D2B787200E127DD /* Build configuration list for PBXProject "AiChat" */ = {
			isa = XCConfigurationList;
			buildConfigurations = (
				68514ADB2D2B787400E127DD /* Debug */,
				68514ADC2D2B787400E127DD /* Release */,
			);
			defaultConfigurationIsVisible = 0;
			defaultConfigurationName = Release;
		};
		68514ADD2D2B787400E127DD /* Build configuration list for PBXNativeTarget "AiChat" */ = {
			isa = XCConfigurationList;
			buildConfigurations = (
				68514ADE2D2B787400E127DD /* Debug */,
				68514ADF2D2B787400E127DD /* Release */,
			);
			defaultConfigurationIsVisible = 0;
			defaultConfigurationName = Release;
		};
		68514AE02D2B787400E127DD /* Build configuration list for PBXNativeTarget "AiChatTests" */ = {
			isa = XCConfigurationList;
			buildConfigurations = (
				68514AE12D2B787400E127DD /* Debug */,
				68514AE22D2B787400E127DD /* Release */,
			);
			defaultConfigurationIsVisible = 0;
			defaultConfigurationName = Release;
		};
		68514AE32D2B787400E127DD /* Build configuration list for PBXNativeTarget "AiChatUITests" */ = {
			isa = XCConfigurationList;
			buildConfigurations = (
				68514AE42D2B787400E127DD /* Debug */,
				68514AE52D2B787400E127DD /* Release */,
			);
			defaultConfigurationIsVisible = 0;
			defaultConfigurationName = Release;
		};
		6866A1AC2D3E2D0500BFE036 /* Build configuration list for PBXNativeTarget "AiChat_MacOS" */ = {
			isa = XCConfigurationList;
			buildConfigurations = (
				6866A1AD2D3E2D0500BFE036 /* Debug */,
				6866A1AE2D3E2D0500BFE036 /* Release */,
			);
			defaultConfigurationIsVisible = 0;
			defaultConfigurationName = Release;
		};
/* End XCConfigurationList section */
	};
	rootObject = 68514AAE2D2B787200E127DD /* Project object */;
}
